
Microsoft Visual Studio Solution File, Format Version 12.00
# Visual Studio Version 17
VisualStudioVersion = 17.5.33502.453
MinimumVisualStudioVersion = 10.0.40219.1
Project("{9A19103F-16F7-4668-BE54-9A1E7A4F7556}") = "SortingAlgorithmsTests", "SortingAlgorithmsTests\SortingAlgorithmsTests.csproj", "{12EE175E-5653-4BC5-A360-CDDC4D77441D}"
EndProject
Project("{9A19103F-16F7-4668-BE54-9A1E7A4F7556}") = "SortingAlgorithms", "SortingAlgorithms\SortingAlgorithms.csproj", "{86BF3CA5-12AA-4218-AC6F-4831006C1B17}"
EndProject
Project("{FAE04EC0-301F-11D3-BF4B-00C04F79EFBC}") = "StepsCounting", "StepsCounting\StepsCounting.csproj", "{3DC578A8-4EBE-44C4-B60E-8096E89DD034}"
EndProject
Global
	GlobalSection(SolutionConfigurationPlatforms) = preSolution
		Debug|Any CPU = Debug|Any CPU
		Release|Any CPU = Release|Any CPU
	EndGlobalSection
	GlobalSection(ProjectConfigurationPlatforms) = postSolution
		{12EE175E-5653-4BC5-A360-CDDC4D77441D}.Debug|Any CPU.ActiveCfg = Debug|Any CPU
		{12EE175E-5653-4BC5-A360-CDDC4D77441D}.Debug|Any CPU.Build.0 = Debug|Any CPU
		{12EE175E-5653-4BC5-A360-CDDC4D77441D}.Release|Any CPU.ActiveCfg = Release|Any CPU
		{12EE175E-5653-4BC5-A360-CDDC4D77441D}.Release|Any CPU.Build.0 = Release|Any CPU
		{86BF3CA5-12AA-4218-AC6F-4831006C1B17}.Debug|Any CPU.ActiveCfg = Debug|Any CPU
		{86BF3CA5-12AA-4218-AC6F-4831006C1B17}.Debug|Any CPU.Build.0 = Debug|Any CPU
		{86BF3CA5-12AA-4218-AC6F-4831006C1B17}.Release|Any CPU.ActiveCfg = Release|Any CPU
		{86BF3CA5-12AA-4218-AC6F-4831006C1B17}.Release|Any CPU.Build.0 = Release|Any CPU
		{3DC578A8-4EBE-44C4-B60E-8096E89DD034}.Debug|Any CPU.ActiveCfg = Debug|Any CPU
		{3DC578A8-4EBE-44C4-B60E-8096E89DD034}.Debug|Any CPU.Build.0 = Debug|Any CPU
		{3DC578A8-4EBE-44C4-B60E-8096E89DD034}.Release|Any CPU.ActiveCfg = Release|Any CPU
		{3DC578A8-4EBE-44C4-B60E-8096E89DD034}.Release|Any CPU.Build.0 = Release|Any CPU
	EndGlobalSection
	GlobalSection(SolutionProperties) = preSolution
		HideSolutionNode = FALSE
	EndGlobalSection
	GlobalSection(ExtensibilityGlobals) = postSolution
		SolutionGuid = {71A2126A-8AB3-4171-8BA5-8810615D0D35}
	EndGlobalSection
EndGlobal
